// !$*UTF8*$!
{
	archiveVersion = 1;
	classes = {
	};
	objectVersion = 46;
	objects = {

/* Begin PBXBuildFile section */
		84073DB720205D8E00B84588 /* main.m in Sources */ = {isa = PBXBuildFile; fileRef = 84073DB620205D8E00B84588 /* main.m */; };
		84073DBA20205D8E00B84588 /* AppDelegate.m in Sources */ = {isa = PBXBuildFile; fileRef = 84073DB920205D8E00B84588 /* AppDelegate.m */; };
		84073DBD20205D8E00B84588 /* ViewController.m in Sources */ = {isa = PBXBuildFile; fileRef = 84073DBC20205D8E00B84588 /* ViewController.m */; };
		84073DC020205D8E00B84588 /* Main.storyboard in Resources */ = {isa = PBXBuildFile; fileRef = 84073DBE20205D8E00B84588 /* Main.storyboard */; };
		84073DC220205D8E00B84588 /* Assets.xcassets in Resources */ = {isa = PBXBuildFile; fileRef = 84073DC120205D8E00B84588 /* Assets.xcassets */; };
		84073DC520205D8E00B84588 /* LaunchScreen.storyboard in Resources */ = {isa = PBXBuildFile; fileRef = 84073DC320205D8E00B84588 /* LaunchScreen.storyboard */; };
		84073DCE20205DA400B84588 /* XPerson.m in Sources */ = {isa = PBXBuildFile; fileRef = 84073DCD20205DA400B84588 /* XPerson.m */; };
		84073DD12020631300B84588 /* XAnimal.m in Sources */ = {isa = PBXBuildFile; fileRef = 84073DD02020631300B84588 /* XAnimal.m */; };
		84073DD420218AAB00B84588 /* XAcount.m in Sources */ = {isa = PBXBuildFile; fileRef = 84073DD320218AAB00B84588 /* XAcount.m */; };
/* End PBXBuildFile section */

/* Begin PBXFileReference section */
		84073DB220205D8E00B84588 /* KVC Demo.app */ = {isa = PBXFileReference; explicitFileType = wrapper.application; includeInIndex = 0; path = "KVC Demo.app"; sourceTree = BUILT_PRODUCTS_DIR; };
		84073DB620205D8E00B84588 /* main.m */ = {isa = PBXFileReference; lastKnownFileType = sourcecode.c.objc; path = main.m; sourceTree = "<group>"; };
		84073DB820205D8E00B84588 /* AppDelegate.h */ = {isa = PBXFileReference; lastKnownFileType = sourcecode.c.h; path = AppDelegate.h; sourceTree = "<group>"; };
		84073DB920205D8E00B84588 /* AppDelegate.m */ = {isa = PBXFileReference; lastKnownFileType = sourcecode.c.objc; path = AppDelegate.m; sourceTree = "<group>"; };
		84073DBB20205D8E00B84588 /* ViewController.h */ = {isa = PBXFileReference; lastKnownFileType = sourcecode.c.h; path = ViewController.h; sourceTree = "<group>"; };
		84073DBC20205D8E00B84588 /* ViewController.m */ = {isa = PBXFileReference; lastKnownFileType = sourcecode.c.objc; path = ViewController.m; sourceTree = "<group>"; };
		84073DBF20205D8E00B84588 /* Base */ = {isa = PBXFileReference; lastKnownFileType = file.storyboard; name = Base; path = Base.lproj/Main.storyboard; sourceTree = "<group>"; };
		84073DC120205D8E00B84588 /* Assets.xcassets */ = {isa = PBXFileReference; lastKnownFileType = folder.assetcatalog; path = Assets.xcassets; sourceTree = "<group>"; };
		84073DC420205D8E00B84588 /* Base */ = {isa = PBXFileReference; lastKnownFileType = file.storyboard; name = Base; path = Base.lproj/LaunchScreen.storyboard; sourceTree = "<group>"; };
		84073DC620205D8E00B84588 /* Info.plist */ = {isa = PBXFileReference; lastKnownFileType = text.plist.xml; path = Info.plist; sourceTree = "<group>"; };
		84073DCC20205DA400B84588 /* XPerson.h */ = {isa = PBXFileReference; fileEncoding = 4; lastKnownFileType = sourcecode.c.h; path = XPerson.h; sourceTree = "<group>"; };
		84073DCD20205DA400B84588 /* XPerson.m */ = {isa = PBXFileReference; fileEncoding = 4; lastKnownFileType = sourcecode.c.objc; path = XPerson.m; sourceTree = "<group>"; };
		84073DCF2020631300B84588 /* XAnimal.h */ = {isa = PBXFileReference; fileEncoding = 4; lastKnownFileType = sourcecode.c.h; path = XAnimal.h; sourceTree = "<group>"; };
		84073DD02020631300B84588 /* XAnimal.m */ = {isa = PBXFileReference; fileEncoding = 4; lastKnownFileType = sourcecode.c.objc; path = XAnimal.m; sourceTree = "<group>"; };
		84073DD220218AAB00B84588 /* XAcount.h */ = {isa = PBXFileReference; fileEncoding = 4; lastKnownFileType = sourcecode.c.h; path = XAcount.h; sourceTree = "<group>"; };
		84073DD320218AAB00B84588 /* XAcount.m */ = {isa = PBXFileReference; fileEncoding = 4; lastKnownFileType = sourcecode.c.objc; path = XAcount.m; sourceTree = "<group>"; };
		84073DD52021905000B84588 /* NSKVONotifying_XAcount.h */ = {isa = PBXFileReference; fileEncoding = 4; lastKnownFileType = sourcecode.c.h; path = NSKVONotifying_XAcount.h; sourceTree = "<group>"; };
		84073DD62021905000B84588 /* NSKVONotifying_XAcount.m */ = {isa = PBXFileReference; fileEncoding = 4; lastKnownFileType = sourcecode.c.objc; path = NSKVONotifying_XAcount.m; sourceTree = "<group>"; };
/* End PBXFileReference section */

/* Begin PBXFrameworksBuildPhase section */
		84073DAF20205D8E00B84588 /* Frameworks */ = {
			isa = PBXFrameworksBuildPhase;
			buildActionMask = 2147483647;
			files = (
			);
			runOnlyForDeploymentPostprocessing = 0;
		};
/* End PBXFrameworksBuildPhase section */

/* Begin PBXGroup section */
		84073DA920205D8E00B84588 = {
			isa = PBXGroup;
			children = (
				84073DB420205D8E00B84588 /* KVC Demo */,
				84073DB320205D8E00B84588 /* Products */,
			);
			sourceTree = "<group>";
		};
		84073DB320205D8E00B84588 /* Products */ = {
			isa = PBXGroup;
			children = (
				84073DB220205D8E00B84588 /* KVC Demo.app */,
			);
			name = Products;
			sourceTree = "<group>";
		};
		84073DB420205D8E00B84588 /* KVC Demo */ = {
			isa = PBXGroup;
			children = (
				84073DB820205D8E00B84588 /* AppDelegate.h */,
				84073DB920205D8E00B84588 /* AppDelegate.m */,
				84073DBB20205D8E00B84588 /* ViewController.h */,
				84073DBC20205D8E00B84588 /* ViewController.m */,
				84073DCC20205DA400B84588 /* XPerson.h */,
				84073DCD20205DA400B84588 /* XPerson.m */,
				84073DCF2020631300B84588 /* XAnimal.h */,
				84073DD02020631300B84588 /* XAnimal.m */,
				84073DD220218AAB00B84588 /* XAcount.h */,
				84073DD320218AAB00B84588 /* XAcount.m */,
				84073DD52021905000B84588 /* NSKVONotifying_XAcount.h */,
				84073DD62021905000B84588 /* NSKVONotifying_XAcount.m */,
				84073DBE20205D8E00B84588 /* Main.storyboard */,
				84073DC120205D8E00B84588 /* Assets.xcassets */,
				84073DC320205D8E00B84588 /* LaunchScreen.storyboard */,
				84073DC620205D8E00B84588 /* Info.plist */,
				84073DB520205D8E00B84588 /* Supporting Files */,
			);
			path = "KVC Demo";
			sourceTree = "<group>";
		};
		84073DB520205D8E00B84588 /* Supporting Files */ = {
			isa = PBXGroup;
			children = (
				84073DB620205D8E00B84588 /* main.m */,
			);
			name = "Supporting Files";
			sourceTree = "<group>";
		};
/* End PBXGroup section */

/* Begin PBXNativeTarget section */
		84073DB120205D8E00B84588 /* KVC Demo */ = {
			isa = PBXNativeTarget;
			buildConfigurationList = 84073DC920205D8E00B84588 /* Build configuration list for PBXNativeTarget "KVC Demo" */;
			buildPhases = (
				84073DAE20205D8E00B84588 /* Sources */,
				84073DAF20205D8E00B84588 /* Frameworks */,
				84073DB020205D8E00B84588 /* Resources */,
			);
			buildRules = (
			);
			dependencies = (
			);
			name = "KVC Demo";
			productName = "KVC Demo";
			productReference = 84073DB220205D8E00B84588 /* KVC Demo.app */;
			productType = "com.apple.product-type.application";
		};
/* End PBXNativeTarget section */

/* Begin PBXProject section */
		84073DAA20205D8E00B84588 /* Project object */ = {
			isa = PBXProject;
			attributes = {
				LastUpgradeCheck = 0830;
				ORGANIZATIONNAME = gcg;
				TargetAttributes = {
					84073DB120205D8E00B84588 = {
						CreatedOnToolsVersion = 8.3.3;
						DevelopmentTeam = 8NDM2JAGC4;
						ProvisioningStyle = Automatic;
					};
				};
			};
			buildConfigurationList = 84073DAD20205D8E00B84588 /* Build configuration list for PBXProject "KVC Demo" */;
			compatibilityVersion = "Xcode 3.2";
			developmentRegion = English;
			hasScannedForEncodings = 0;
			knownRegions = (
				en,
				Base,
			);
			mainGroup = 84073DA920205D8E00B84588;
			productRefGroup = 84073DB320205D8E00B84588 /* Products */;
			projectDirPath = "";
			projectRoot = "";
			targets = (
				84073DB120205D8E00B84588 /* KVC Demo */,
			);
		};
/* End PBXProject section */

/* Begin PBXResourcesBuildPhase section */
		84073DB020205D8E00B84588 /* Resources */ = {
			isa = PBXResourcesBuildPhase;
			buildActionMask = 2147483647;
			files = (
				84073DC520205D8E00B84588 /* LaunchScreen.storyboard in Resources */,
				84073DC220205D8E00B84588 /* Assets.xcassets in Resources */,
				84073DC020205D8E00B84588 /* Main.storyboard in Resources */,
			);
			runOnlyForDeploymentPostprocessing = 0;
		};
/* End PBXResourcesBuildPhase section */

/* Begin PBXSourcesBuildPhase section */
		84073DAE20205D8E00B84588 /* Sources */ = {
			isa = PBXSourcesBuildPhase;
			buildActionMask = 2147483647;
			files = (
				84073DBD20205D8E00B84588 /* ViewController.m in Sources */,
				84073DBA20205D8E00B84588 /* AppDelegate.m in Sources */,
				84073DD420218AAB00B84588 /* XAcount.m in Sources */,
				84073DB720205D8E00B84588 /* main.m in Sources */,
				84073DCE20205DA400B84588 /* XPerson.m in Sources */,
				84073DD12020631300B84588 /* XAnimal.m in Sources */,
			);
			runOnlyForDeploymentPostprocessing = 0;
		};
/* End PBXSourcesBuildPhase section */

/* Begin PBXVariantGroup section */
		84073DBE20205D8E00B84588 /* Main.storyboard */ = {
			isa = PBXVariantGroup;
			children = (
				84073DBF20205D8E00B84588 /* Base */,
			);
			name = Main.storyboard;
			sourceTree = "<group>";
		};
		84073DC320205D8E00B84588 /* LaunchScreen.storyboard */ = {
			isa = PBXVariantGroup;
			children = (
				84073DC420205D8E00B84588 /* Base */,
			);
			name = LaunchScreen.storyboard;
			sourceTree = "<group>";
		};
/* End PBXVariantGroup section */

/* Begin XCBuildConfiguration section */
		84073DC720205D8E00B84588 /* Debug */ = {
			isa = XCBuildConfiguration;
			buildSettings = {
				ALWAYS_SEARCH_USER_PATHS = NO;
				CLANG_ANALYZER_NONNULL = YES;
				CLANG_ANALYZER_NUMBER_OBJECT_CONVERSION = YES_AGGRESSIVE;
				CLANG_CXX_LANGUAGE_STANDARD = "gnu++0x";
				CLANG_CXX_LIBRARY = "libc++";
				CLANG_ENABLE_MODULES = YES;
				CLANG_ENABLE_OBJC_ARC = YES;
				CLANG_WARN_BOOL_CONVERSION = YES;
				CLANG_WARN_CONSTANT_CONVERSION = YES;
				CLANG_WARN_DIRECT_OBJC_ISA_USAGE = YES_ERROR;
				CLANG_WARN_DOCUMENTATION_COMMENTS = YES;
				CLANG_WARN_EMPTY_BODY = YES;
				CLANG_WARN_ENUM_CONVERSION = YES;
				CLANG_WARN_INFINITE_RECURSION = YES;
				CLANG_WARN_INT_CONVERSION = YES;
				CLANG_WARN_OBJC_ROOT_CLASS = YES_ERROR;
				CLANG_WARN_SUSPICIOUS_MOVE = YES;
				CLANG_WARN_UNREACHABLE_CODE = YES;
				CLANG_WARN__DUPLICATE_METHOD_MATCH = YES;
				"CODE_SIGN_IDENTITY[sdk=iphoneos*]" = "iPhone Developer";
				COPY_PHASE_STRIP = NO;
				DEBUG_INFORMATION_FORMAT = dwarf;
				ENABLE_STRICT_OBJC_MSGSEND = YES;
				ENABLE_TESTABILITY = YES;
				GCC_C_LANGUAGE_STANDARD = gnu99;
				GCC_DYNAMIC_NO_PIC = NO;
				GCC_NO_COMMON_BLOCKS = YES;
				GCC_OPTIMIZATION_LEVEL = 0;
				GCC_PREPROCESSOR_DEFINITIONS = (
					"DEBUG=1",
					"$(inherited)",
				);
				GCC_WARN_64_TO_32_BIT_CONVERSION = YES;
				GCC_WARN_ABOUT_RETURN_TYPE = YES_ERROR;
				GCC_WARN_UNDECLARED_SELECTOR = YES;
				GCC_WARN_UNINITIALIZED_AUTOS = YES_AGGRESSIVE;
				GCC_WARN_UNUSED_FUNCTION = YES;
				GCC_WARN_UNUSED_VARIABLE = YES;
				IPHONEOS_DEPLOYMENT_TARGET = 10.3;
				MTL_ENABLE_DEBUG_INFO = YES;
				ONLY_ACTIVE_ARCH = YES;
				SDKROOT = iphoneos;
			};
			name = Debug;
		};
		84073DC820205D8E00B84588 /* Release */ = {
			isa = XCBuildConfiguration;
			buildSettings = {
				ALWAYS_SEARCH_USER_PATHS = NO;
				CLANG_ANALYZER_NONNULL = YES;
				CLANG_ANALYZER_NUMBER_OBJECT_CONVERSION = YES_AGGRESSIVE;
				CLANG_CXX_LANGUAGE_STANDARD = "gnu++0x";
				CLANG_CXX_LIBRARY = "libc++";
				CLANG_ENABLE_MODULES = YES;
				CLANG_ENABLE_OBJC_ARC = YES;
				CLANG_WARN_BOOL_CONVERSION = YES;
				CLANG_WARN_CONSTANT_CONVERSION = YES;
				CLANG_WARN_DIRECT_OBJC_ISA_USAGE = YES_ERROR;
				CLANG_WARN_DOCUMENTATION_COMMENTS = YES;
				CLANG_WARN_EMPTY_BODY = YES;
				CLANG_WARN_ENUM_CONVERSION = YES;
				CLANG_WARN_INFINITE_RECURSION = YES;
				CLANG_WARN_INT_CONVERSION = YES;
				CLANG_WARN_OBJC_ROOT_CLASS = YES_ERROR;
				CLANG_WARN_SUSPICIOUS_MOVE = YES;
				CLANG_WARN_UNREACHABLE_CODE = YES;
				CLANG_WARN__DUPLICATE_METHOD_MATCH = YES;
				"CODE_SIGN_IDENTITY[sdk=iphoneos*]" = "iPhone Developer";
				COPY_PHASE_STRIP = NO;
				DEBUG_INFORMATION_FORMAT = "dwarf-with-dsym";
				ENABLE_NS_ASSERTIONS = NO;
				ENABLE_STRICT_OBJC_MSGSEND = YES;
				GCC_C_LANGUAGE_STANDARD = gnu99;
				GCC_NO_COMMON_BLOCKS = YES;
				GCC_WARN_64_TO_32_BIT_CONVERSION = YES;
				GCC_WARN_ABOUT_RETURN_TYPE = YES_ERROR;
				GCC_WARN_UNDECLARED_SELECTOR = YES;
				GCC_WARN_UNINITIALIZED_AUTOS = YES_AGGRESSIVE;
				GCC_WARN_UNUSED_FUNCTION = YES;
				GCC_WARN_UNUSED_VARIABLE = YES;
				IPHONEOS_DEPLOYMENT_TARGET = 10.3;
				MTL_ENABLE_DEBUG_INFO = NO;
				SDKROOT = iphoneos;
				VALIDATE_PRODUCT = YES;
			};
			name = Release;
		};
		84073DCA20205D8E00B84588 /* Debug */ = {
			isa = XCBuildConfiguration;
			buildSettings = {
				ASSETCATALOG_COMPILER_APPICON_NAME = AppIcon;
				DEVELOPMENT_TEAM = 8NDM2JAGC4;
				INFOPLIST_FILE = "KVC Demo/Info.plist";
				LD_RUNPATH_SEARCH_PATHS = "$(inherited) @executable_path/Frameworks";
				PRODUCT_BUNDLE_IDENTIFIER = "com.gcg.KVC-Demo";
				PRODUCT_NAME = "$(TARGET_NAME)";
			};
			name = Debug;
		};
		84073DCB20205D8E00B84588 /* Release */ = {
			isa = XCBuildConfiguration;
			buildSettings = {
				ASSETCATALOG_COMPILER_APPICON_NAME = AppIcon;
				DEVELOPMENT_TEAM = 8NDM2JAGC4;
				INFOPLIST_FILE = "KVC Demo/Info.plist";
				LD_RUNPATH_SEARCH_PATHS = "$(inherited) @executable_path/Frameworks";
				PRODUCT_BUNDLE_IDENTIFIER = "com.gcg.KVC-Demo";
				PRODUCT_NAME = "$(TARGET_NAME)";
			};
			name = Release;
		};
/* End XCBuildConfiguration section */

/* Begin XCConfigurationList section */
		84073DAD20205D8E00B84588 /* Build configuration list for PBXProject "KVC Demo" */ = {
			isa = XCConfigurationList;
			buildConfigurations = (
				84073DC720205D8E00B84588 /* Debug */,
				84073DC820205D8E00B84588 /* Release */,
			);
			defaultConfigurationIsVisible = 0;
			defaultConfigurationName = Release;
		};
		84073DC920205D8E00B84588 /* Build configuration list for PBXNativeTarget "KVC Demo" */ = {
			isa = XCConfigurationList;
			buildConfigurations = (
				84073DCA20205D8E00B84588 /* Debug */,
				84073DCB20205D8E00B84588 /* Release */,
			);
			defaultConfigurationIsVisible = 0;
		};
/* End XCConfigurationList section */
	};
	rootObject = 84073DAA20205D8E00B84588 /* Project object */;
}
